
Microsoft Visual Studio Solution File, Format Version 12.00
# Visual Studio Version 16
VisualStudioVersion = 16.0.31410.357
MinimumVisualStudioVersion = 10.0.40219.1
Project("{FAE04EC0-301F-11D3-BF4B-00C04F79EFBC}") = "hello world", "hello world.csproj", "{B37F94D5-82A2-4A36-B47E-01029B5C08EF}"
EndProject
Global
	GlobalSection(SolutionConfigurationPlatforms) = preSolution
		Debug|Any CPU = Debug|Any CPU
		Release|Any CPU = Release|Any CPU
	EndGlobalSection
	GlobalSection(ProjectConfigurationPlatforms) = postSolution
		{B37F94D5-82A2-4A36-B47E-01029B5C08EF}.Debug|Any CPU.ActiveCfg = Debug|Any CPU
		{B37F94D5-82A2-4A36-B47E-01029B5C08EF}.Debug|Any CPU.Build.0 = Debug|Any CPU
		{B37F94D5-82A2-4A36-B47E-01029B5C08EF}.Release|Any CPU.ActiveCfg = Release|Any CPU
		{B37F94D5-82A2-4A36-B47E-01029B5C08EF}.Release|Any CPU.Build.0 = Release|Any CPU
	EndGlobalSection
	GlobalSection(SolutionProperties) = preSolution
		HideSolutionNode = FALSE
	EndGlobalSection
	GlobalSection(ExtensibilityGlobals) = postSolution
		SolutionGuid = {7B169F3A-4F7B-47CB-B130-FED0FF0177EE}
	EndGlobalSection
EndGlobal
